{
  "projects": [
    {
      "projectId": "9DRVreLqCyHSecyifmovL7",
      "version": "latest",
      "dependencies": {},
      "lang": "js",
      "fileLocks": [
        {
          "type": "globalVariant",
          "assetId": "ruC-wDbKoSKEMQ",
          "checksum": "5c43520a6b2e999bbeb91ec2acc6c72e"
        },
        {
          "type": "renderModule",
          "assetId": "juql5ohuzM0W2",
          "checksum": "1f75d41149a9dec3231a738906c5d77d"
        },
        {
          "type": "cssRules",
          "assetId": "juql5ohuzM0W2",
          "checksum": "1f75d41149a9dec3231a738906c5d77d"
        },
        {
          "type": "renderModule",
          "assetId": "QELWMjce80Acl",
          "checksum": "caee737c038ee8399daf77e01fb9f9bb"
        },
        {
          "type": "cssRules",
          "assetId": "QELWMjce80Acl",
          "checksum": "caee737c038ee8399daf77e01fb9f9bb"
        },
        {
          "type": "renderModule",
          "assetId": "A4quUmLED9q_5",
          "checksum": "7ea1560b23c05cba755f840862c6313f"
        },
        {
          "type": "cssRules",
          "assetId": "A4quUmLED9q_5",
          "checksum": "7ea1560b23c05cba755f840862c6313f"
        },
        {
          "type": "renderModule",
          "assetId": "ZOx2pDryaEDIj",
          "checksum": "e65c329f79ac329dc94c2bd0b43b7b8b"
        },
        {
          "type": "cssRules",
          "assetId": "ZOx2pDryaEDIj",
          "checksum": "e65c329f79ac329dc94c2bd0b43b7b8b"
        },
        {
          "type": "renderModule",
          "assetId": "KOg7It0rElZcK",
          "checksum": "3f4978321a6ff1424b0f7d9e67c03327"
        },
        {
          "type": "cssRules",
          "assetId": "KOg7It0rElZcK",
          "checksum": "3f4978321a6ff1424b0f7d9e67c03327"
        },
        {
          "type": "renderModule",
          "assetId": "M4Ie8C1t_mn5s",
          "checksum": "5db2f4418cedd924dcdcba08dc897ba2"
        },
        {
          "type": "cssRules",
          "assetId": "M4Ie8C1t_mn5s",
          "checksum": "5db2f4418cedd924dcdcba08dc897ba2"
        },
        {
          "type": "renderModule",
          "assetId": "T1ouYVRBXr8rpW",
          "checksum": "6640ded6b4a46ea376f59ab5dbb19c96"
        },
        {
          "type": "cssRules",
          "assetId": "T1ouYVRBXr8rpW",
          "checksum": "6640ded6b4a46ea376f59ab5dbb19c96"
        },
        {
          "type": "renderModule",
          "assetId": "4WSPwUFVJSHvPr",
          "checksum": "85775cc2f7a9e027478351a57f1e87b5"
        },
        {
          "type": "cssRules",
          "assetId": "4WSPwUFVJSHvPr",
          "checksum": "85775cc2f7a9e027478351a57f1e87b5"
        },
        {
          "type": "renderModule",
          "assetId": "6e3of_VAaHX-mW",
          "checksum": "daaa676484ef3f81bc248c6ab8d620db"
        },
        {
          "type": "cssRules",
          "assetId": "6e3of_VAaHX-mW",
          "checksum": "daaa676484ef3f81bc248c6ab8d620db"
        },
        {
          "type": "renderModule",
          "assetId": "TJyhvy_W3Z38Fk",
          "checksum": "0d34baab86e744e3b653f0d365fbc3f6"
        },
        {
          "type": "cssRules",
          "assetId": "TJyhvy_W3Z38Fk",
          "checksum": "0d34baab86e744e3b653f0d365fbc3f6"
        },
        {
          "type": "renderModule",
          "assetId": "npy9UcUem7vmHg",
          "checksum": "cf82904bcca9abf5098a536634b13785"
        },
        {
          "type": "cssRules",
          "assetId": "npy9UcUem7vmHg",
          "checksum": "cf82904bcca9abf5098a536634b13785"
        },
        {
          "type": "renderModule",
          "assetId": "Ptb8BDgatfNdxx",
          "checksum": "be26d55cf6b7ab6b47743f50fc10c4d8"
        },
        {
          "type": "cssRules",
          "assetId": "Ptb8BDgatfNdxx",
          "checksum": "be26d55cf6b7ab6b47743f50fc10c4d8"
        },
        {
          "type": "renderModule",
          "assetId": "B1MWiT38oZ9Xym",
          "checksum": "1caa57cf93133e01cc8d67539b0f45b7"
        },
        {
          "type": "cssRules",
          "assetId": "B1MWiT38oZ9Xym",
          "checksum": "1caa57cf93133e01cc8d67539b0f45b7"
        },
        {
          "type": "renderModule",
          "assetId": "vU3MJ2dRAu1CRQ",
          "checksum": "a9d313afdb347c9cb41a596cca9f8f85"
        },
        {
          "type": "cssRules",
          "assetId": "vU3MJ2dRAu1CRQ",
          "checksum": "a9d313afdb347c9cb41a596cca9f8f85"
        },
        {
          "type": "renderModule",
          "assetId": "o0P7-8zaberHwQ",
          "checksum": "da28e4bd105fb2de1ecd0f52007b4891"
        },
        {
          "type": "cssRules",
          "assetId": "o0P7-8zaberHwQ",
          "checksum": "da28e4bd105fb2de1ecd0f52007b4891"
        },
        {
          "type": "renderModule",
          "assetId": "5RV4oyktt5eAJK",
          "checksum": "2261cfab31161f249673dcc551223c5e"
        },
        {
          "type": "cssRules",
          "assetId": "5RV4oyktt5eAJK",
          "checksum": "2261cfab31161f249673dcc551223c5e"
        },
        {
          "type": "renderModule",
          "assetId": "s8v3-Q2lqzh878",
          "checksum": "c894ca0bfd976c93c1ba94d28a93c941"
        },
        {
          "type": "cssRules",
          "assetId": "s8v3-Q2lqzh878",
          "checksum": "c894ca0bfd976c93c1ba94d28a93c941"
        },
        {
          "type": "renderModule",
          "assetId": "UAoOsoXWPLJCHk",
          "checksum": "01ab724bf12a904c0df410344bfb0f1c"
        },
        {
          "type": "cssRules",
          "assetId": "UAoOsoXWPLJCHk",
          "checksum": "01ab724bf12a904c0df410344bfb0f1c"
        },
        {
          "type": "renderModule",
          "assetId": "BQB3nIseM1VTQV",
          "checksum": "08a3094cbdae3ec0982c7f7a1ad0dbfa"
        },
        {
          "type": "cssRules",
          "assetId": "BQB3nIseM1VTQV",
          "checksum": "08a3094cbdae3ec0982c7f7a1ad0dbfa"
        },
        {
          "type": "renderModule",
          "assetId": "5q0d-nd0cELSvd",
          "checksum": "b986721ab3cd3b3bec28b1b3cd42d740"
        },
        {
          "type": "cssRules",
          "assetId": "5q0d-nd0cELSvd",
          "checksum": "b986721ab3cd3b3bec28b1b3cd42d740"
        },
        {
          "type": "renderModule",
          "assetId": "6zsXKEMs4WOlZZ",
          "checksum": "92466700a4fa8cd3c56477fb8cb52a55"
        },
        {
          "type": "cssRules",
          "assetId": "6zsXKEMs4WOlZZ",
          "checksum": "92466700a4fa8cd3c56477fb8cb52a55"
        },
        {
          "type": "renderModule",
          "assetId": "KyV85bZsERAF8Z",
          "checksum": "dacbda6e0c2292baa6e3e5f5b6700f6f"
        },
        {
          "type": "cssRules",
          "assetId": "KyV85bZsERAF8Z",
          "checksum": "dacbda6e0c2292baa6e3e5f5b6700f6f"
        },
        {
          "type": "renderModule",
          "assetId": "ZvTRCTeHIlv81Z",
          "checksum": "ff5902556d5f676c992aa872a250ca41"
        },
        {
          "type": "cssRules",
          "assetId": "ZvTRCTeHIlv81Z",
          "checksum": "ff5902556d5f676c992aa872a250ca41"
        },
        {
          "type": "icon",
          "assetId": "T863VT7STe2zHz",
          "checksum": "4c31bbb8917e6314812b52647dad0093"
        },
        {
          "type": "icon",
          "assetId": "gm_BEJaLC5ip7u",
          "checksum": "6f841d982e2ca24adf47270833b3386c"
        },
        {
          "type": "icon",
          "assetId": "JyY9SGb0K4xWYM",
          "checksum": "149a572c04f916084eb81ed3fa9e3634"
        },
        {
          "type": "icon",
          "assetId": "jLnQQMqP8fZCja",
          "checksum": "87f2f08422dd3d27d6c3cf46776431d9"
        },
        {
          "type": "icon",
          "assetId": "I_d3DQW2OWwBNh",
          "checksum": "00a683f181c6c2477d78feade188534b"
        },
        {
          "type": "icon",
          "assetId": "KSZY7lyKVAi7V1",
          "checksum": "cb80502eba82b3fb5aab376f1561349d"
        },
        {
          "type": "icon",
          "assetId": "t0QUOqdGxbxrKw",
          "checksum": "5537d8ec602b97784a2e73e992c51ad6"
        },
        {
          "type": "icon",
          "assetId": "bWdcrh0Z04GXoR",
          "checksum": "1ebb700aacc46b40a34eaca5bb32593f"
        },
        {
          "type": "icon",
          "assetId": "6Gm2qTskL4epvF",
          "checksum": "71322541d1fed5677539e55f50616d37"
        },
        {
          "type": "icon",
          "assetId": "uSJtjrJRsYvFbH",
          "checksum": "b61dc31b0d2afe462188d9ae8cb50da0"
        },
        {
          "type": "icon",
          "assetId": "ic4fq-F5qXLW9Y",
          "checksum": "21d508b2ae3648a22f88b07619fb07b9"
        },
        {
          "type": "icon",
          "assetId": "-GJovX1u1DwmuB",
          "checksum": "417ba7f05a6e0cc9646a4e1f4e9ce2e9"
        },
        {
          "type": "icon",
          "assetId": "UznmBVOZw-41L7",
          "checksum": "4e38d8ee36c074b3e6f5b8194f3026f8"
        },
        {
          "type": "icon",
          "assetId": "10lq186Idv9yY9",
          "checksum": "ab2634865ccfcd03b07d3ff96066182b"
        },
        {
          "type": "icon",
          "assetId": "dcKc3RpYyQUoUw",
          "checksum": "26f40cc799395665f2b435a580cafe8d"
        },
        {
          "type": "icon",
          "assetId": "t59CXRl4ViMdO6",
          "checksum": "473af214102c3911904ccb294dac1d82"
        },
        {
          "type": "image",
          "assetId": "EZ9aOaif667wvb",
          "checksum": "87f5a0aeedb68a29fcd3bc07b916364b"
        },
        {
          "type": "image",
          "assetId": "NLcUAf51sb3vx6",
          "checksum": "82623cdd9eaa97b44c3fd868f9685a35"
        },
        {
          "type": "image",
          "assetId": "twWq5LrTYIBMSB",
          "checksum": "acfb080faf9856e04b641abc1f43b464"
        },
        {
          "type": "image",
          "assetId": "NvjuKRZc_w1HOn",
          "checksum": "2405cf62940968f5be176937c60923de"
        },
        {
          "type": "image",
          "assetId": "jbHYW1g7gfZAar",
          "checksum": "2cf425b33e9a743634bd81f0b58da197"
        },
        {
          "type": "image",
          "assetId": "8ejTfcNmUS4OWV",
          "checksum": "f8affa50dacd647ba185731e19bcfefc"
        },
        {
          "type": "image",
          "assetId": "Kcm1yOdtldTR2Q",
          "checksum": "b387891a9e072a6997dc22f56c017395"
        },
        {
          "type": "image",
          "assetId": "ZTtQjSIeD5OGhl",
          "checksum": "fa88bb69c8222f8b5847d43b94eb4983"
        },
        {
          "type": "image",
          "assetId": "I19UtbuZzy7EvH",
          "checksum": "15613b62e85f5eda4fcaebac9f12e3cc"
        },
        {
          "type": "image",
          "assetId": "rY8MGT9TCCCy28",
          "checksum": "2b4a22368cc3ffab22b23211acf34283"
        },
        {
          "type": "image",
          "assetId": "73Szy0ZSNV8IxW",
          "checksum": "e5e0b23de926aff02e226c376192b168"
        },
        {
          "type": "image",
          "assetId": "jBfoeMaTPxLANn",
          "checksum": "b61ed9d60adb98de4ff63c5139ed273e"
        },
        {
          "type": "image",
          "assetId": "j2YAdWPr5X6D01",
          "checksum": "1998ef52bd9a21dc686273aff6275076"
        },
        {
          "type": "image",
          "assetId": "lD1xJAEVxkorxb",
          "checksum": "786f68463558f2a33d834dc041fa88b4"
        },
        {
          "type": "image",
          "assetId": "0rSDBOSX-ReVre",
          "checksum": "707ccfc2d1ffdceff6718e063fe940a6"
        },
        {
          "type": "image",
          "assetId": "To-0E94CoMAbLa",
          "checksum": "1e394518dfb8769dde16cef361072e66"
        },
        {
          "type": "image",
          "assetId": "X0eDdnJih9BPeI",
          "checksum": "55c45f2560e42a7ae2b39b2a42639d3a"
        },
        {
          "type": "image",
          "assetId": "9XMkK7o2kzah0a",
          "checksum": "8ccb46983583fdbc69a02f6a2bbf1d34"
        },
        {
          "type": "image",
          "assetId": "N2WNxvvhEorWTa",
          "checksum": "3d281f02c2db7189ba9063d350410f14"
        },
        {
          "type": "image",
          "assetId": "g6isDB1uTn832_",
          "checksum": "a31e0cb1b8f1f77b2d5656d53c953c01"
        },
        {
          "type": "image",
          "assetId": "ah9LaSD1vxF_O6",
          "checksum": "ccd5dca47ea7d4e00a4968f8226306f9"
        },
        {
          "type": "image",
          "assetId": "UqbNfBX77i8BfQ",
          "checksum": "39e43d1c2d6accb340737e1e7b31d18c"
        },
        {
          "type": "image",
          "assetId": "HC4p2VY2lQu0bM",
          "checksum": "80fad26387553d5c83d90a013f39d23b"
        },
        {
          "type": "image",
          "assetId": "9sdxteL9TtmKlg",
          "checksum": "425052c903068ac74e6483ba62069513"
        },
        {
          "type": "image",
          "assetId": "7Ayi3vVoenRFIi",
          "checksum": "58dca3be79cacff25597ee5638899007"
        },
        {
          "type": "image",
          "assetId": "qLUbssrBX4qRnP",
          "checksum": "dbcc51fb232466fe8df5c74baa769880"
        },
        {
          "type": "image",
          "assetId": "FFnloUz8FiruPA",
          "checksum": "0818543c2108266b8e8d8f8ce15e050f"
        },
        {
          "type": "image",
          "assetId": "V4KI5b63johZ8N",
          "checksum": "639ccc738539794b15b107ae5c0a2fab"
        },
        {
          "type": "image",
          "assetId": "w_hIRFn5qdl7D7",
          "checksum": "3bec25b525c4dd08dc3c02b8d7bf02e5"
        },
        {
          "type": "image",
          "assetId": "4yn32V4MoGdPmB",
          "checksum": "830b83305fa6441ece0a839cf5ebaafe"
        },
        {
          "type": "image",
          "assetId": "j4ph1o8Z5eqngp",
          "checksum": "c0f0023cffe643dc628a40b6212c8888"
        },
        {
          "type": "image",
          "assetId": "R5PUhOSISd_RJF",
          "checksum": "0525af263b4b4c174811b821cfd1f4a4"
        },
        {
          "type": "image",
          "assetId": "O98aK89rJYiUrn",
          "checksum": "92dc7ced78d27eae80c2f817fb2f44dc"
        },
        {
          "type": "image",
          "assetId": "Rm7ZzXDXpQ73kM",
          "checksum": "7596c35222c4cf7fdd170bca4f9d08fd"
        },
        {
          "type": "image",
          "assetId": "D6siPPLRENPk6K",
          "checksum": "408384cbce15d0aa7a25c5bef9f04b97"
        },
        {
          "type": "image",
          "assetId": "dB-P8SwhnbDX-H",
          "checksum": "b8265a66e91d7ec736790e2625216ace"
        },
        {
          "type": "image",
          "assetId": "pJV4AqSTk2p37q",
          "checksum": "1c8529f2442e80dc275ebe375006f28a"
        },
        {
          "type": "image",
          "assetId": "4S4s6LGcPOTr69",
          "checksum": "fe2749cabb5919e28b09b5b036956ea1"
        },
        {
          "type": "image",
          "assetId": "i2DmimdYkVAGJG",
          "checksum": "f9b2dee0acd875c18f102f542fa4dae3"
        },
        {
          "type": "image",
          "assetId": "wsA9sGnQk5i6nq",
          "checksum": "7593d6a793e776f66aafd91b11dfe171"
        },
        {
          "type": "image",
          "assetId": "ifX041Qw0T74OP",
          "checksum": "769c207f8fefb2da63067392cb5b067c"
        },
        {
          "type": "image",
          "assetId": "HmhFodQVv9jpO_",
          "checksum": "00e09d83b4e0d216756bc583fd26296a"
        },
        {
          "type": "image",
          "assetId": "Ij6PQFDHHBBjIo",
          "checksum": "5f4549b5ebbe2ec4abeabfb796ac3498"
        },
        {
          "type": "image",
          "assetId": "Gfj0CTPP8p0_f6",
          "checksum": "06031ba3754f3e4cdad230c50083ad42"
        },
        {
          "type": "image",
          "assetId": "oEi7s0KPAJKLJu",
          "checksum": "c5654eba96cd7ca79f1209782caf77c0"
        },
        {
          "type": "image",
          "assetId": "v-n5XqL8x_J2R6",
          "checksum": "871916b4263ec67b5046ed162ec87364"
        },
        {
          "type": "image",
          "assetId": "W1hCdTjJ3oxdbg",
          "checksum": "5a7fd4d3d36db6eadbe6c58e96a3ff3d"
        },
        {
          "type": "image",
          "assetId": "XMALulFX_7X9Ro",
          "checksum": "f2de7b8897c92e027f2d956b58eb9838"
        },
        {
          "type": "image",
          "assetId": "43Ij0qYoCQ0kkd",
          "checksum": "bf80c54a82a26a7d5a43c8b28b9b12e2"
        },
        {
          "type": "image",
          "assetId": "wJwtanIn9M8-QO",
          "checksum": "57e42aa25ad056bca3d416f119133ed2"
        },
        {
          "type": "image",
          "assetId": "vk6iFzHoIl07RG",
          "checksum": "2faf4a08475fe1f119269c7ed37c77cb"
        },
        {
          "type": "image",
          "assetId": "HqagaQVheZYK0r",
          "checksum": "7b24b776402ad4b56003d6e19c97f824"
        },
        {
          "type": "image",
          "assetId": "oUYsM6qRJGoOY7",
          "checksum": "446fb18a3f44fbd2522f156b28fc8091"
        },
        {
          "type": "image",
          "assetId": "lzpZ9NRqu1lufl",
          "checksum": "aae61157c7d0d48d0951119f19802816"
        },
        {
          "type": "image",
          "assetId": "DApuN0UVOnu1Tp",
          "checksum": "e2e6b1288a5610da09cf7fd913a7574a"
        },
        {
          "type": "image",
          "assetId": "T-OiPqxgBWK2pr",
          "checksum": "bcd179d553f231cacdfffd7312668779"
        },
        {
          "type": "image",
          "assetId": "CRy1DJHa9K8Nh0",
          "checksum": "e0e0edefb3ddf80a96abd756e3926630"
        },
        {
          "type": "image",
          "assetId": "uGbE2W_SVtf5P0",
          "checksum": "cbeaaed23f707c2a3b12f19097420034"
        },
        {
          "type": "image",
          "assetId": "I_Vb5cQKlea0fN",
          "checksum": "52a18b0062a98830187be1ef87e1503f"
        },
        {
          "type": "image",
          "assetId": "Os9_TCGnBYrB8Q",
          "checksum": "7ee4664606ff4be6341c4b5c0e93c9ff"
        },
        {
          "type": "image",
          "assetId": "IgwyS_Kkqz8u69",
          "checksum": "e6c8d2bf90404ac8f325cbbe262d812f"
        },
        {
          "type": "image",
          "assetId": "uPGtLnf7hWJRD8",
          "checksum": "577e65648dea23b73955b2445626c8fa"
        },
        {
          "type": "image",
          "assetId": "136RZlP3eFmN_t",
          "checksum": "ca1a8d1116562fc9b93572041e4e11fc"
        },
        {
          "type": "image",
          "assetId": "71scXWIgXzJXGr",
          "checksum": "b5f845b8e3baee8584a7bb56f04c69ad"
        },
        {
          "type": "image",
          "assetId": "hlAqfQQhYGiTVm",
          "checksum": "6d108e5f6a3981cc16accd0988278455"
        },
        {
          "type": "image",
          "assetId": "hOyLW3LhEYZs7Z",
          "checksum": "09cba1e090ebcb2fef0f53fc81cec4c7"
        },
        {
          "type": "image",
          "assetId": "ZCnhyWH3tKoH_3",
          "checksum": "f7004b778836b1dc4eae33eb9d28211f"
        },
        {
          "type": "image",
          "assetId": "q1tTCkqGzbCvha",
          "checksum": "5cca6ff578e01642024523e598f2e967"
        },
        {
          "type": "image",
          "assetId": "gzBJ5y3ZkRFGbA",
          "checksum": "4a875e1425b62da0297c000d37700e46"
        },
        {
          "type": "image",
          "assetId": "OJyT9csCM1Hp01",
          "checksum": "2d7c1d24706bb945deb434941235c041"
        },
        {
          "type": "image",
          "assetId": "V4yrTZTnSDVfnX",
          "checksum": "b8a280599d5e8f0153d984f20412dc02"
        },
        {
          "type": "image",
          "assetId": "flcnKSgeQywJyu",
          "checksum": "620f524e62f9d4287a5740afa052b131"
        },
        {
          "type": "image",
          "assetId": "SpLMtMUUlaFImU",
          "checksum": "37ee3addf8df595c98192f29157a8a1c"
        },
        {
          "type": "image",
          "assetId": "__ea-ys64HXPZo",
          "checksum": "6dd53ac67549a7a99fc263820b0c6ded"
        },
        {
          "assetId": "9DRVreLqCyHSecyifmovL7",
          "type": "projectCss",
          "checksum": "d3977b03024b6501d63245bad6072008"
        }
      ],
      "codegenVersion": "0.0.1"
    }
  ],
  "cliVersion": "0.1.176"
}
